
Microsoft Visual Studio Solution File, Format Version 12.00
# Visual Studio Version 16
VisualStudioVersion = 16.0.31205.134
MinimumVisualStudioVersion = 10.0.40219.1
Project("{9A19103F-16F7-4668-BE54-9A1E7A4F7556}") = "EliteBlog", "EliteBlog\EliteBlog.csproj", "{3FB22A13-23CE-44CE-93C9-9684F38B49C3}"
EndProject
Project("{9A19103F-16F7-4668-BE54-9A1E7A4F7556}") = "EliteBlog.Domain", "EliteBlog.Domain\EliteBlog.Domain.csproj", "{041BE949-2DB7-4EA7-90DF-5428861F017F}"
EndProject
Project("{9A19103F-16F7-4668-BE54-9A1E7A4F7556}") = "EliteBlog.Repository", "EliteBlog.Repository\EliteBlog.Repository.csproj", "{C216CA0A-5EE3-48C4-8445-DC00424B4913}"
EndProject
Global
	GlobalSection(SolutionConfigurationPlatforms) = preSolution
		Debug|Any CPU = Debug|Any CPU
		Release|Any CPU = Release|Any CPU
	EndGlobalSection
	GlobalSection(ProjectConfigurationPlatforms) = postSolution
		{3FB22A13-23CE-44CE-93C9-9684F38B49C3}.Debug|Any CPU.ActiveCfg = Debug|Any CPU
		{3FB22A13-23CE-44CE-93C9-9684F38B49C3}.Debug|Any CPU.Build.0 = Debug|Any CPU
		{3FB22A13-23CE-44CE-93C9-9684F38B49C3}.Release|Any CPU.ActiveCfg = Release|Any CPU
		{3FB22A13-23CE-44CE-93C9-9684F38B49C3}.Release|Any CPU.Build.0 = Release|Any CPU
		{041BE949-2DB7-4EA7-90DF-5428861F017F}.Debug|Any CPU.ActiveCfg = Debug|Any CPU
		{041BE949-2DB7-4EA7-90DF-5428861F017F}.Debug|Any CPU.Build.0 = Debug|Any CPU
		{041BE949-2DB7-4EA7-90DF-5428861F017F}.Release|Any CPU.ActiveCfg = Release|Any CPU
		{041BE949-2DB7-4EA7-90DF-5428861F017F}.Release|Any CPU.Build.0 = Release|Any CPU
		{C216CA0A-5EE3-48C4-8445-DC00424B4913}.Debug|Any CPU.ActiveCfg = Debug|Any CPU
		{C216CA0A-5EE3-48C4-8445-DC00424B4913}.Debug|Any CPU.Build.0 = Debug|Any CPU
		{C216CA0A-5EE3-48C4-8445-DC00424B4913}.Release|Any CPU.ActiveCfg = Release|Any CPU
		{C216CA0A-5EE3-48C4-8445-DC00424B4913}.Release|Any CPU.Build.0 = Release|Any CPU
	EndGlobalSection
	GlobalSection(SolutionProperties) = preSolution
		HideSolutionNode = FALSE
	EndGlobalSection
	GlobalSection(ExtensibilityGlobals) = postSolution
		SolutionGuid = {5FC82E46-B4EB-420D-B25B-07785941E141}
	EndGlobalSection
EndGlobal
